PODS:
  - DoSwift (0.1.0):
    - DoSwift/Core (= 0.1.0)
    - DoSwift/Resources (= 0.1.0)
  - DoSwift/Core (0.1.0)
  - DoSwift/Resources (0.1.0)

DEPENDENCIES:
  - DoSwift (from `../`)

EXTERNAL SOURCES:
  DoSwift:
    :path: "../"

SPEC CHECKSUMS:
  DoSwift: 11fb00ef57566fcd7a96c14991dd6b4a376c49a0

PODFILE CHECKSUM: 9df9283a51a85d4f7eb5245b91277de78ca72a24

COCOAPODS: 1.16.2
