PODS:
  - DoSwift (0.1.0):
    - DoSwift/Core (= 0.1.0)
    - DoSwift/Resources (= 0.1.0)
  - DoSwift/Core (0.1.0)
  - DoSwift/Resources (0.1.0)

DEPENDENCIES:
  - DoSwift (from `../`)

EXTERNAL SOURCES:
  DoSwift:
    :path: "../"

SPEC CHECKSUMS:
  DoSwift: 78d71a2dd86ee0ef3ff34948b5a3ced2a11e6cf6

PODFILE CHECKSUM: 9df9283a51a85d4f7eb5245b91277de78ca72a24

COCOAPODS: 1.16.2
